
Microsoft Visual Studio Solution File, Format Version 12.00
# Visual Studio 15
VisualStudioVersion = 15.0.28307.168
MinimumVisualStudioVersion = 10.0.40219.1
Project("{8BC9CEB8-8B4A-11D0-8D11-00A0C91BC942}") = "ReferenceSwap", "ReferenceSwap\ReferenceSwap.vcxproj", "{897AB2A2-D80E-4D8F-82C2-7C974EE82556}"
EndProject
Global
	GlobalSection(SolutionConfigurationPlatforms) = preSolution
		Debug|x64 = Debug|x64
		Debug|x86 = Debug|x86
		Release|x64 = Release|x64
		Release|x86 = Release|x86
	EndGlobalSection
	GlobalSection(ProjectConfigurationPlatforms) = postSolution
		{897AB2A2-D80E-4D8F-82C2-7C974EE82556}.Debug|x64.ActiveCfg = Debug|x64
		{897AB2A2-D80E-4D8F-82C2-7C974EE82556}.Debug|x64.Build.0 = Debug|x64
		{897AB2A2-D80E-4D8F-82C2-7C974EE82556}.Debug|x86.ActiveCfg = Debug|Win32
		{897AB2A2-D80E-4D8F-82C2-7C974EE82556}.Debug|x86.Build.0 = Debug|Win32
		{897AB2A2-D80E-4D8F-82C2-7C974EE82556}.Release|x64.ActiveCfg = Release|x64
		{897AB2A2-D80E-4D8F-82C2-7C974EE82556}.Release|x64.Build.0 = Release|x64
		{897AB2A2-D80E-4D8F-82C2-7C974EE82556}.Release|x86.ActiveCfg = Release|Win32
		{897AB2A2-D80E-4D8F-82C2-7C974EE82556}.Release|x86.Build.0 = Release|Win32
	EndGlobalSection
	GlobalSection(SolutionProperties) = preSolution
		HideSolutionNode = FALSE
	EndGlobalSection
	GlobalSection(ExtensibilityGlobals) = postSolution
		SolutionGuid = {8EAED658-5CEB-48D6-9949-BE23B6476422}
	EndGlobalSection
EndGlobal
