
Microsoft Visual Studio Solution File, Format Version 12.00
# Visual Studio 15
VisualStudioVersion = 15.0.28307.168
MinimumVisualStudioVersion = 10.0.40219.1
Project("{8BC9CEB8-8B4A-11D0-8D11-00A0C91BC942}") = "ConsoleApplication2", "ConsoleApplication2\ConsoleApplication2.vcxproj", "{BBE81865-6F4A-479C-B565-CD4ACC99A439}"
EndProject
Global
	GlobalSection(SolutionConfigurationPlatforms) = preSolution
		Debug|x64 = Debug|x64
		Debug|x86 = Debug|x86
		Release|x64 = Release|x64
		Release|x86 = Release|x86
	EndGlobalSection
	GlobalSection(ProjectConfigurationPlatforms) = postSolution
		{BBE81865-6F4A-479C-B565-CD4ACC99A439}.Debug|x64.ActiveCfg = Debug|x64
		{BBE81865-6F4A-479C-B565-CD4ACC99A439}.Debug|x64.Build.0 = Debug|x64
		{BBE81865-6F4A-479C-B565-CD4ACC99A439}.Debug|x86.ActiveCfg = Debug|Win32
		{BBE81865-6F4A-479C-B565-CD4ACC99A439}.Debug|x86.Build.0 = Debug|Win32
		{BBE81865-6F4A-479C-B565-CD4ACC99A439}.Release|x64.ActiveCfg = Release|x64
		{BBE81865-6F4A-479C-B565-CD4ACC99A439}.Release|x64.Build.0 = Release|x64
		{BBE81865-6F4A-479C-B565-CD4ACC99A439}.Release|x86.ActiveCfg = Release|Win32
		{BBE81865-6F4A-479C-B565-CD4ACC99A439}.Release|x86.Build.0 = Release|Win32
	EndGlobalSection
	GlobalSection(SolutionProperties) = preSolution
		HideSolutionNode = FALSE
	EndGlobalSection
	GlobalSection(ExtensibilityGlobals) = postSolution
		SolutionGuid = {97631874-3940-4F35-A9C3-1C7F74C5876B}
	EndGlobalSection
EndGlobal
